
Microsoft Visual Studio Solution File, Format Version 12.00
# Visual Studio Version 17
VisualStudioVersion = 17.0.31612.314
MinimumVisualStudioVersion = 10.0.40219.1
Project("{FAE04EC0-301F-11D3-BF4B-00C04F79EFBC}") = "TestSplitScreen", "TestSplitScreen\TestSplitScreen.csproj", "{ADBFB714-5845-4408-8BF7-057FEF5D7FDF}"
EndProject
Global
	GlobalSection(SolutionConfigurationPlatforms) = preSolution
		Debug|Any CPU = Debug|Any CPU
		Release|Any CPU = Release|Any CPU
	EndGlobalSection
	GlobalSection(ProjectConfigurationPlatforms) = postSolution
		{ADBFB714-5845-4408-8BF7-057FEF5D7FDF}.Debug|Any CPU.ActiveCfg = Debug|Any CPU
		{ADBFB714-5845-4408-8BF7-057FEF5D7FDF}.Debug|Any CPU.Build.0 = Debug|Any CPU
		{ADBFB714-5845-4408-8BF7-057FEF5D7FDF}.Release|Any CPU.ActiveCfg = Release|Any CPU
		{ADBFB714-5845-4408-8BF7-057FEF5D7FDF}.Release|Any CPU.Build.0 = Release|Any CPU
	EndGlobalSection
	GlobalSection(SolutionProperties) = preSolution
		HideSolutionNode = FALSE
	EndGlobalSection
	GlobalSection(ExtensibilityGlobals) = postSolution
		SolutionGuid = {648DBE8E-8A6E-4A49-8233-4C3B08E6ECDD}
	EndGlobalSection
EndGlobal
